
Microsoft Visual Studio Solution File, Format Version 12.00
# Visual Studio Version 16
VisualStudioVersion = 16.0.808.10
MinimumVisualStudioVersion = 10.0.40219.1
Project("{FAE04EC0-301F-11D3-BF4B-00C04F79EFBC}") = "TutorialCsharp", "TutorialCsharp\TutorialCsharp.csproj", "{AF4156E8-3318-43A5-BA30-155B16CB3A19}"
EndProject
Global
	GlobalSection(SolutionConfigurationPlatforms) = preSolution
		Debug|Any CPU = Debug|Any CPU
		Release|Any CPU = Release|Any CPU
	EndGlobalSection
	GlobalSection(ProjectConfigurationPlatforms) = postSolution
		{AF4156E8-3318-43A5-BA30-155B16CB3A19}.Debug|Any CPU.ActiveCfg = Debug|Any CPU
		{AF4156E8-3318-43A5-BA30-155B16CB3A19}.Debug|Any CPU.Build.0 = Debug|Any CPU
		{AF4156E8-3318-43A5-BA30-155B16CB3A19}.Release|Any CPU.ActiveCfg = Release|Any CPU
		{AF4156E8-3318-43A5-BA30-155B16CB3A19}.Release|Any CPU.Build.0 = Release|Any CPU
	EndGlobalSection
	GlobalSection(SolutionProperties) = preSolution
		HideSolutionNode = FALSE
	EndGlobalSection
	GlobalSection(ExtensibilityGlobals) = postSolution
		SolutionGuid = {10E86B5E-BD9A-472B-9920-584E102ED864}
	EndGlobalSection
EndGlobal
